// !$*UTF8*$!
{
	archiveVersion = 1;
	classes = {
	};
	objectVersion = 46;
	objects = {

/* Begin PBXBuildFile section */
		292B013A1B1F4A23006ABF4D /* main.m in Sources */ = {isa = PBXBuildFile; fileRef = 292B01391B1F4A23006ABF4D /* main.m */; };
		292B013D1B1F4A23006ABF4D /* AppDelegate.m in Sources */ = {isa = PBXBuildFile; fileRef = 292B013C1B1F4A23006ABF4D /* AppDelegate.m */; };
		292B01401B1F4A23006ABF4D /* TextFieldDemo.xcdatamodeld in Sources */ = {isa = PBXBuildFile; fileRef = 292B013E1B1F4A23006ABF4D /* TextFieldDemo.xcdatamodeld */; };
		292B01431B1F4A23006ABF4D /* ViewController.m in Sources */ = {isa = PBXBuildFile; fileRef = 292B01421B1F4A23006ABF4D /* ViewController.m */; };
		292B01461B1F4A23006ABF4D /* Main.storyboard in Resources */ = {isa = PBXBuildFile; fileRef = 292B01441B1F4A23006ABF4D /* Main.storyboard */; };
		292B01481B1F4A23006ABF4D /* Images.xcassets in Resources */ = {isa = PBXBuildFile; fileRef = 292B01471B1F4A23006ABF4D /* Images.xcassets */; };
		292B014B1B1F4A23006ABF4D /* LaunchScreen.xib in Resources */ = {isa = PBXBuildFile; fileRef = 292B01491B1F4A23006ABF4D /* LaunchScreen.xib */; };
		292B01571B1F4A23006ABF4D /* TextFieldDemoTests.m in Sources */ = {isa = PBXBuildFile; fileRef = 292B01561B1F4A23006ABF4D /* TextFieldDemoTests.m */; };
		292F321F1B204C1700BDC901 /* user_icon1.png in Resources */ = {isa = PBXBuildFile; fileRef = 292F321D1B204C1700BDC901 /* user_icon1.png */; };
		292F32201B204C1700BDC901 /* user_icon2.png in Resources */ = {isa = PBXBuildFile; fileRef = 292F321E1B204C1700BDC901 /* user_icon2.png */; };
/* End PBXBuildFile section */

/* Begin PBXContainerItemProxy section */
		292B01511B1F4A23006ABF4D /* PBXContainerItemProxy */ = {
			isa = PBXContainerItemProxy;
			containerPortal = 292B012C1B1F4A23006ABF4D /* Project object */;
			proxyType = 1;
			remoteGlobalIDString = 292B01331B1F4A23006ABF4D;
			remoteInfo = TextFieldDemo;
		};
/* End PBXContainerItemProxy section */

/* Begin PBXFileReference section */
		292B01341B1F4A23006ABF4D /* TextFieldDemo.app */ = {isa = PBXFileReference; explicitFileType = wrapper.application; includeInIndex = 0; path = TextFieldDemo.app; sourceTree = BUILT_PRODUCTS_DIR; };
		292B01381B1F4A23006ABF4D /* Info.plist */ = {isa = PBXFileReference; lastKnownFileType = text.plist.xml; path = Info.plist; sourceTree = "<group>"; };
		292B01391B1F4A23006ABF4D /* main.m */ = {isa = PBXFileReference; lastKnownFileType = sourcecode.c.objc; path = main.m; sourceTree = "<group>"; };
		292B013B1B1F4A23006ABF4D /* AppDelegate.h */ = {isa = PBXFileReference; lastKnownFileType = sourcecode.c.h; path = AppDelegate.h; sourceTree = "<group>"; };
		292B013C1B1F4A23006ABF4D /* AppDelegate.m */ = {isa = PBXFileReference; lastKnownFileType = sourcecode.c.objc; path = AppDelegate.m; sourceTree = "<group>"; };
		292B013F1B1F4A23006ABF4D /* TextFieldDemo.xcdatamodel */ = {isa = PBXFileReference; lastKnownFileType = wrapper.xcdatamodel; path = TextFieldDemo.xcdatamodel; sourceTree = "<group>"; };
		292B01411B1F4A23006ABF4D /* ViewController.h */ = {isa = PBXFileReference; lastKnownFileType = sourcecode.c.h; path = ViewController.h; sourceTree = "<group>"; };
		292B01421B1F4A23006ABF4D /* ViewController.m */ = {isa = PBXFileReference; lastKnownFileType = sourcecode.c.objc; path = ViewController.m; sourceTree = "<group>"; };
		292B01451B1F4A23006ABF4D /* Base */ = {isa = PBXFileReference; lastKnownFileType = file.storyboard; name = Base; path = Base.lproj/Main.storyboard; sourceTree = "<group>"; };
		292B01471B1F4A23006ABF4D /* Images.xcassets */ = {isa = PBXFileReference; lastKnownFileType = folder.assetcatalog; path = Images.xcassets; sourceTree = "<group>"; };
		292B014A1B1F4A23006ABF4D /* Base */ = {isa = PBXFileReference; lastKnownFileType = file.xib; name = Base; path = Base.lproj/LaunchScreen.xib; sourceTree = "<group>"; };
		292B01501B1F4A23006ABF4D /* TextFieldDemoTests.xctest */ = {isa = PBXFileReference; explicitFileType = wrapper.cfbundle; includeInIndex = 0; path = TextFieldDemoTests.xctest; sourceTree = BUILT_PRODUCTS_DIR; };
		292B01551B1F4A23006ABF4D /* Info.plist */ = {isa = PBXFileReference; lastKnownFileType = text.plist.xml; path = Info.plist; sourceTree = "<group>"; };
		292B01561B1F4A23006ABF4D /* TextFieldDemoTests.m */ = {isa = PBXFileReference; lastKnownFileType = sourcecode.c.objc; path = TextFieldDemoTests.m; sourceTree = "<group>"; };
		292F321D1B204C1700BDC901 /* user_icon1.png */ = {isa = PBXFileReference; lastKnownFileType = image.png; path = user_icon1.png; sourceTree = "<group>"; };
		292F321E1B204C1700BDC901 /* user_icon2.png */ = {isa = PBXFileReference; lastKnownFileType = image.png; path = user_icon2.png; sourceTree = "<group>"; };
/* End PBXFileReference section */

/* Begin PBXFrameworksBuildPhase section */
		292B01311B1F4A23006ABF4D /* Frameworks */ = {
			isa = PBXFrameworksBuildPhase;
			buildActionMask = 2147483647;
			files = (
			);
			runOnlyForDeploymentPostprocessing = 0;
		};
		292B014D1B1F4A23006ABF4D /* Frameworks */ = {
			isa = PBXFrameworksBuildPhase;
			buildActionMask = 2147483647;
			files = (
			);
			runOnlyForDeploymentPostprocessing = 0;
		};
/* End PBXFrameworksBuildPhase section */

/* Begin PBXGroup section */
		292B012B1B1F4A23006ABF4D = {
			isa = PBXGroup;
			children = (
				292F321D1B204C1700BDC901 /* user_icon1.png */,
				292F321E1B204C1700BDC901 /* user_icon2.png */,
				292B01361B1F4A23006ABF4D /* TextFieldDemo */,
				292B01531B1F4A23006ABF4D /* TextFieldDemoTests */,
				292B01351B1F4A23006ABF4D /* Products */,
			);
			sourceTree = "<group>";
		};
		292B01351B1F4A23006ABF4D /* Products */ = {
			isa = PBXGroup;
			children = (
				292B01341B1F4A23006ABF4D /* TextFieldDemo.app */,
				292B01501B1F4A23006ABF4D /* TextFieldDemoTests.xctest */,
			);
			name = Products;
			sourceTree = "<group>";
		};
		292B01361B1F4A23006ABF4D /* TextFieldDemo */ = {
			isa = PBXGroup;
			children = (
				292B013B1B1F4A23006ABF4D /* AppDelegate.h */,
				292B013C1B1F4A23006ABF4D /* AppDelegate.m */,
				292B01411B1F4A23006ABF4D /* ViewController.h */,
				292B01421B1F4A23006ABF4D /* ViewController.m */,
				292B01441B1F4A23006ABF4D /* Main.storyboard */,
				292B01471B1F4A23006ABF4D /* Images.xcassets */,
				292B01491B1F4A23006ABF4D /* LaunchScreen.xib */,
				292B013E1B1F4A23006ABF4D /* TextFieldDemo.xcdatamodeld */,
				292B01371B1F4A23006ABF4D /* Supporting Files */,
			);
			path = TextFieldDemo;
			sourceTree = "<group>";
		};
		292B01371B1F4A23006ABF4D /* Supporting Files */ = {
			isa = PBXGroup;
			children = (
				292B01381B1F4A23006ABF4D /* Info.plist */,
				292B01391B1F4A23006ABF4D /* main.m */,
			);
			name = "Supporting Files";
			sourceTree = "<group>";
		};
		292B01531B1F4A23006ABF4D /* TextFieldDemoTests */ = {
			isa = PBXGroup;
			children = (
				292B01561B1F4A23006ABF4D /* TextFieldDemoTests.m */,
				292B01541B1F4A23006ABF4D /* Supporting Files */,
			);
			path = TextFieldDemoTests;
			sourceTree = "<group>";
		};
		292B01541B1F4A23006ABF4D /* Supporting Files */ = {
			isa = PBXGroup;
			children = (
				292B01551B1F4A23006ABF4D /* Info.plist */,
			);
			name = "Supporting Files";
			sourceTree = "<group>";
		};
/* End PBXGroup section */

/* Begin PBXNativeTarget section */
		292B01331B1F4A23006ABF4D /* TextFieldDemo */ = {
			isa = PBXNativeTarget;
			buildConfigurationList = 292B015A1B1F4A23006ABF4D /* Build configuration list for PBXNativeTarget "TextFieldDemo" */;
			buildPhases = (
				292B01301B1F4A23006ABF4D /* Sources */,
				292B01311B1F4A23006ABF4D /* Frameworks */,
				292B01321B1F4A23006ABF4D /* Resources */,
			);
			buildRules = (
			);
			dependencies = (
			);
			name = TextFieldDemo;
			productName = TextFieldDemo;
			productReference = 292B01341B1F4A23006ABF4D /* TextFieldDemo.app */;
			productType = "com.apple.product-type.application";
		};
		292B014F1B1F4A23006ABF4D /* TextFieldDemoTests */ = {
			isa = PBXNativeTarget;
			buildConfigurationList = 292B015D1B1F4A23006ABF4D /* Build configuration list for PBXNativeTarget "TextFieldDemoTests" */;
			buildPhases = (
				292B014C1B1F4A23006ABF4D /* Sources */,
				292B014D1B1F4A23006ABF4D /* Frameworks */,
				292B014E1B1F4A23006ABF4D /* Resources */,
			);
			buildRules = (
			);
			dependencies = (
				292B01521B1F4A23006ABF4D /* PBXTargetDependency */,
			);
			name = TextFieldDemoTests;
			productName = TextFieldDemoTests;
			productReference = 292B01501B1F4A23006ABF4D /* TextFieldDemoTests.xctest */;
			productType = "com.apple.product-type.bundle.unit-test";
		};
/* End PBXNativeTarget section */

/* Begin PBXProject section */
		292B012C1B1F4A23006ABF4D /* Project object */ = {
			isa = PBXProject;
			attributes = {
				LastUpgradeCheck = 0630;
				ORGANIZATIONNAME = Satish;
				TargetAttributes = {
					292B01331B1F4A23006ABF4D = {
						CreatedOnToolsVersion = 6.3.1;
					};
					292B014F1B1F4A23006ABF4D = {
						CreatedOnToolsVersion = 6.3.1;
						TestTargetID = 292B01331B1F4A23006ABF4D;
					};
				};
			};
			buildConfigurationList = 292B012F1B1F4A23006ABF4D /* Build configuration list for PBXProject "TextFieldDemo" */;
			compatibilityVersion = "Xcode 3.2";
			developmentRegion = English;
			hasScannedForEncodings = 0;
			knownRegions = (
				en,
				Base,
			);
			mainGroup = 292B012B1B1F4A23006ABF4D;
			productRefGroup = 292B01351B1F4A23006ABF4D /* Products */;
			projectDirPath = "";
			projectRoot = "";
			targets = (
				292B01331B1F4A23006ABF4D /* TextFieldDemo */,
				292B014F1B1F4A23006ABF4D /* TextFieldDemoTests */,
			);
		};
/* End PBXProject section */

/* Begin PBXResourcesBuildPhase section */
		292B01321B1F4A23006ABF4D /* Resources */ = {
			isa = PBXResourcesBuildPhase;
			buildActionMask = 2147483647;
			files = (
				292B01461B1F4A23006ABF4D /* Main.storyboard in Resources */,
				292F321F1B204C1700BDC901 /* user_icon1.png in Resources */,
				292B014B1B1F4A23006ABF4D /* LaunchScreen.xib in Resources */,
				292B01481B1F4A23006ABF4D /* Images.xcassets in Resources */,
				292F32201B204C1700BDC901 /* user_icon2.png in Resources */,
			);
			runOnlyForDeploymentPostprocessing = 0;
		};
		292B014E1B1F4A23006ABF4D /* Resources */ = {
			isa = PBXResourcesBuildPhase;
			buildActionMask = 2147483647;
			files = (
			);
			runOnlyForDeploymentPostprocessing = 0;
		};
/* End PBXResourcesBuildPhase section */

/* Begin PBXSourcesBuildPhase section */
		292B01301B1F4A23006ABF4D /* Sources */ = {
			isa = PBXSourcesBuildPhase;
			buildActionMask = 2147483647;
			files = (
				292B013D1B1F4A23006ABF4D /* AppDelegate.m in Sources */,
				292B01401B1F4A23006ABF4D /* TextFieldDemo.xcdatamodeld in Sources */,
				292B01431B1F4A23006ABF4D /* ViewController.m in Sources */,
				292B013A1B1F4A23006ABF4D /* main.m in Sources */,
			);
			runOnlyForDeploymentPostprocessing = 0;
		};
		292B014C1B1F4A23006ABF4D /* Sources */ = {
			isa = PBXSourcesBuildPhase;
			buildActionMask = 2147483647;
			files = (
				292B01571B1F4A23006ABF4D /* TextFieldDemoTests.m in Sources */,
			);
			runOnlyForDeploymentPostprocessing = 0;
		};
/* End PBXSourcesBuildPhase section */

/* Begin PBXTargetDependency section */
		292B01521B1F4A23006ABF4D /* PBXTargetDependency */ = {
			isa = PBXTargetDependency;
			target = 292B01331B1F4A23006ABF4D /* TextFieldDemo */;
			targetProxy = 292B01511B1F4A23006ABF4D /* PBXContainerItemProxy */;
		};
/* End PBXTargetDependency section */

/* Begin PBXVariantGroup section */
		292B01441B1F4A23006ABF4D /* Main.storyboard */ = {
			isa = PBXVariantGroup;
			children = (
				292B01451B1F4A23006ABF4D /* Base */,
			);
			name = Main.storyboard;
			sourceTree = "<group>";
		};
		292B01491B1F4A23006ABF4D /* LaunchScreen.xib */ = {
			isa = PBXVariantGroup;
			children = (
				292B014A1B1F4A23006ABF4D /* Base */,
			);
			name = LaunchScreen.xib;
			sourceTree = "<group>";
		};
/* End PBXVariantGroup section */

/* Begin XCBuildConfiguration section */
		292B01581B1F4A23006ABF4D /* Debug */ = {
			isa = XCBuildConfiguration;
			buildSettings = {
				ALWAYS_SEARCH_USER_PATHS = NO;
				CLANG_CXX_LANGUAGE_STANDARD = "gnu++0x";
				CLANG_CXX_LIBRARY = "libc++";
				CLANG_ENABLE_MODULES = YES;
				CLANG_ENABLE_OBJC_ARC = YES;
				CLANG_WARN_BOOL_CONVERSION = YES;
				CLANG_WARN_CONSTANT_CONVERSION = YES;
				CLANG_WARN_DIRECT_OBJC_ISA_USAGE = YES_ERROR;
				CLANG_WARN_EMPTY_BODY = YES;
				CLANG_WARN_ENUM_CONVERSION = YES;
				CLANG_WARN_INT_CONVERSION = YES;
				CLANG_WARN_OBJC_ROOT_CLASS = YES_ERROR;
				CLANG_WARN_UNREACHABLE_CODE = YES;
				CLANG_WARN__DUPLICATE_METHOD_MATCH = YES;
				"CODE_SIGN_IDENTITY[sdk=iphoneos*]" = "iPhone Developer";
				COPY_PHASE_STRIP = NO;
				DEBUG_INFORMATION_FORMAT = "dwarf-with-dsym";
				ENABLE_STRICT_OBJC_MSGSEND = YES;
				GCC_C_LANGUAGE_STANDARD = gnu99;
				GCC_DYNAMIC_NO_PIC = NO;
				GCC_NO_COMMON_BLOCKS = YES;
				GCC_OPTIMIZATION_LEVEL = 0;
				GCC_PREPROCESSOR_DEFINITIONS = (
					"DEBUG=1",
					"$(inherited)",
				);
				GCC_SYMBOLS_PRIVATE_EXTERN = NO;
				GCC_WARN_64_TO_32_BIT_CONVERSION = YES;
				GCC_WARN_ABOUT_RETURN_TYPE = YES_ERROR;
				GCC_WARN_UNDECLARED_SELECTOR = YES;
				GCC_WARN_UNINITIALIZED_AUTOS = YES_AGGRESSIVE;
				GCC_WARN_UNUSED_FUNCTION = YES;
				GCC_WARN_UNUSED_VARIABLE = YES;
				IPHONEOS_DEPLOYMENT_TARGET = 8.3;
				MTL_ENABLE_DEBUG_INFO = YES;
				ONLY_ACTIVE_ARCH = YES;
				SDKROOT = iphoneos;
			};
			name = Debug;
		};
		292B01591B1F4A23006ABF4D /* Release */ = {
			isa = XCBuildConfiguration;
			buildSettings = {
				ALWAYS_SEARCH_USER_PATHS = NO;
				CLANG_CXX_LANGUAGE_STANDARD = "gnu++0x";
				CLANG_CXX_LIBRARY = "libc++";
				CLANG_ENABLE_MODULES = YES;
				CLANG_ENABLE_OBJC_ARC = YES;
				CLANG_WARN_BOOL_CONVERSION = YES;
				CLANG_WARN_CONSTANT_CONVERSION = YES;
				CLANG_WARN_DIRECT_OBJC_ISA_USAGE = YES_ERROR;
				CLANG_WARN_EMPTY_BODY = YES;
				CLANG_WARN_ENUM_CONVERSION = YES;
				CLANG_WARN_INT_CONVERSION = YES;
				CLANG_WARN_OBJC_ROOT_CLASS = YES_ERROR;
				CLANG_WARN_UNREACHABLE_CODE = YES;
				CLANG_WARN__DUPLICATE_METHOD_MATCH = YES;
				"CODE_SIGN_IDENTITY[sdk=iphoneos*]" = "iPhone Developer";
				COPY_PHASE_STRIP = NO;
				DEBUG_INFORMATION_FORMAT = "dwarf-with-dsym";
				ENABLE_NS_ASSERTIONS = NO;
				ENABLE_STRICT_OBJC_MSGSEND = YES;
				GCC_C_LANGUAGE_STANDARD = gnu99;
				GCC_NO_COMMON_BLOCKS = YES;
				GCC_WARN_64_TO_32_BIT_CONVERSION = YES;
				GCC_WARN_ABOUT_RETURN_TYPE = YES_ERROR;
				GCC_WARN_UNDECLARED_SELECTOR = YES;
				GCC_WARN_UNINITIALIZED_AUTOS = YES_AGGRESSIVE;
				GCC_WARN_UNUSED_FUNCTION = YES;
				GCC_WARN_UNUSED_VARIABLE = YES;
				IPHONEOS_DEPLOYMENT_TARGET = 8.3;
				MTL_ENABLE_DEBUG_INFO = NO;
				SDKROOT = iphoneos;
				VALIDATE_PRODUCT = YES;
			};
			name = Release;
		};
		292B015B1B1F4A23006ABF4D /* Debug */ = {
			isa = XCBuildConfiguration;
			buildSettings = {
				ASSETCATALOG_COMPILER_APPICON_NAME = AppIcon;
				INFOPLIST_FILE = TextFieldDemo/Info.plist;
				LD_RUNPATH_SEARCH_PATHS = "$(inherited) @executable_path/Frameworks";
				PRODUCT_NAME = "$(TARGET_NAME)";
			};
			name = Debug;
		};
		292B015C1B1F4A23006ABF4D /* Release */ = {
			isa = XCBuildConfiguration;
			buildSettings = {
				ASSETCATALOG_COMPILER_APPICON_NAME = AppIcon;
				INFOPLIST_FILE = TextFieldDemo/Info.plist;
				LD_RUNPATH_SEARCH_PATHS = "$(inherited) @executable_path/Frameworks";
				PRODUCT_NAME = "$(TARGET_NAME)";
			};
			name = Release;
		};
		292B015E1B1F4A23006ABF4D /* Debug */ = {
			isa = XCBuildConfiguration;
			buildSettings = {
				BUNDLE_LOADER = "$(TEST_HOST)";
				FRAMEWORK_SEARCH_PATHS = (
					"$(SDKROOT)/Developer/Library/Frameworks",
					"$(inherited)",
				);
				GCC_PREPROCESSOR_DEFINITIONS = (
					"DEBUG=1",
					"$(inherited)",
				);
				INFOPLIST_FILE = TextFieldDemoTests/Info.plist;
				LD_RUNPATH_SEARCH_PATHS = "$(inherited) @executable_path/Frameworks @loader_path/Frameworks";
				PRODUCT_NAME = "$(TARGET_NAME)";
				TEST_HOST = "$(BUILT_PRODUCTS_DIR)/TextFieldDemo.app/TextFieldDemo";
			};
			name = Debug;
		};
		292B015F1B1F4A23006ABF4D /* Release */ = {
			isa = XCBuildConfiguration;
			buildSettings = {
				BUNDLE_LOADER = "$(TEST_HOST)";
				FRAMEWORK_SEARCH_PATHS = (
					"$(SDKROOT)/Developer/Library/Frameworks",
					"$(inherited)",
				);
				INFOPLIST_FILE = TextFieldDemoTests/Info.plist;
				LD_RUNPATH_SEARCH_PATHS = "$(inherited) @executable_path/Frameworks @loader_path/Frameworks";
				PRODUCT_NAME = "$(TARGET_NAME)";
				TEST_HOST = "$(BUILT_PRODUCTS_DIR)/TextFieldDemo.app/TextFieldDemo";
			};
			name = Release;
		};
/* End XCBuildConfiguration section */

/* Begin XCConfigurationList section */
		292B012F1B1F4A23006ABF4D /* Build configuration list for PBXProject "TextFieldDemo" */ = {
			isa = XCConfigurationList;
			buildConfigurations = (
				292B01581B1F4A23006ABF4D /* Debug */,
				292B01591B1F4A23006ABF4D /* Release */,
			);
			defaultConfigurationIsVisible = 0;
			defaultConfigurationName = Release;
		};
		292B015A1B1F4A23006ABF4D /* Build configuration list for PBXNativeTarget "TextFieldDemo" */ = {
			isa = XCConfigurationList;
			buildConfigurations = (
				292B015B1B1F4A23006ABF4D /* Debug */,
				292B015C1B1F4A23006ABF4D /* Release */,
			);
			defaultConfigurationIsVisible = 0;
			defaultConfigurationName = Release;
		};
		292B015D1B1F4A23006ABF4D /* Build configuration list for PBXNativeTarget "TextFieldDemoTests" */ = {
			isa = XCConfigurationList;
			buildConfigurations = (
				292B015E1B1F4A23006ABF4D /* Debug */,
				292B015F1B1F4A23006ABF4D /* Release */,
			);
			defaultConfigurationIsVisible = 0;
			defaultConfigurationName = Release;
		};
/* End XCConfigurationList section */

/* Begin XCVersionGroup section */
		292B013E1B1F4A23006ABF4D /* TextFieldDemo.xcdatamodeld */ = {
			isa = XCVersionGroup;
			children = (
				292B013F1B1F4A23006ABF4D /* TextFieldDemo.xcdatamodel */,
			);
			currentVersion = 292B013F1B1F4A23006ABF4D /* TextFieldDemo.xcdatamodel */;
			path = TextFieldDemo.xcdatamodeld;
			sourceTree = "<group>";
			versionGroupType = wrapper.xcdatamodel;
		};
/* End XCVersionGroup section */
	};
	rootObject = 292B012C1B1F4A23006ABF4D /* Project object */;
}
